
Microsoft Visual Studio Solution File, Format Version 12.00
# Visual Studio Version 17
VisualStudioVersion = 17.11.35222.181
MinimumVisualStudioVersion = 10.0.40219.1
Project("{9A19103F-16F7-4668-BE54-9A1E7A4F7556}") = "Project_Student_Info_System", "Project_Student_Info_System\Project_Student_Info_System.csproj", "{C72B045B-9B4B-4C07-9C95-A177B2FF989A}"
EndProject
Project("{FAE04EC0-301F-11D3-BF4B-00C04F79EFBC}") = "Project_Student_Tests", "Project_Student_Tests\Project_Student_Tests.csproj", "{F3DBDA54-B48C-4B78-9BCF-77DC1059F298}"
EndProject
Global
	GlobalSection(SolutionConfigurationPlatforms) = preSolution
		Debug|Any CPU = Debug|Any CPU
		Release|Any CPU = Release|Any CPU
	EndGlobalSection
	GlobalSection(ProjectConfigurationPlatforms) = postSolution
		{C72B045B-9B4B-4C07-9C95-A177B2FF989A}.Debug|Any CPU.ActiveCfg = Debug|Any CPU
		{C72B045B-9B4B-4C07-9C95-A177B2FF989A}.Debug|Any CPU.Build.0 = Debug|Any CPU
		{C72B045B-9B4B-4C07-9C95-A177B2FF989A}.Release|Any CPU.ActiveCfg = Release|Any CPU
		{C72B045B-9B4B-4C07-9C95-A177B2FF989A}.Release|Any CPU.Build.0 = Release|Any CPU
		{F3DBDA54-B48C-4B78-9BCF-77DC1059F298}.Debug|Any CPU.ActiveCfg = Debug|Any CPU
		{F3DBDA54-B48C-4B78-9BCF-77DC1059F298}.Debug|Any CPU.Build.0 = Debug|Any CPU
		{F3DBDA54-B48C-4B78-9BCF-77DC1059F298}.Release|Any CPU.ActiveCfg = Release|Any CPU
		{F3DBDA54-B48C-4B78-9BCF-77DC1059F298}.Release|Any CPU.Build.0 = Release|Any CPU
	EndGlobalSection
	GlobalSection(SolutionProperties) = preSolution
		HideSolutionNode = FALSE
	EndGlobalSection
	GlobalSection(ExtensibilityGlobals) = postSolution
		SolutionGuid = {79B9CF63-0496-438E-A909-E2A6D2CC205E}
	EndGlobalSection
EndGlobal
